
Microsoft Visual Studio Solution File, Format Version 12.00
# Visual Studio 15
VisualStudioVersion = 15.0.27703.2018
MinimumVisualStudioVersion = 10.0.40219.1
Project("{FAE04EC0-301F-11D3-BF4B-00C04F79EFBC}") = "Analyzer1", "Analyzer1\Analyzer1\Analyzer1.csproj", "{1213F6C9-4667-40AE-A885-C286B140F4A7}"
EndProject
Project("{FAE04EC0-301F-11D3-BF4B-00C04F79EFBC}") = "Analyzer1.Test", "Analyzer1\Analyzer1.Test\Analyzer1.Test.csproj", "{E921FD14-72AB-4E86-A6C1-D91010D0FF9B}"
EndProject
Project("{FAE04EC0-301F-11D3-BF4B-00C04F79EFBC}") = "Analyzer1.Vsix", "Analyzer1\Analyzer1.Vsix\Analyzer1.Vsix.csproj", "{555F343D-9299-4B8C-B25F-94A9EDEFE218}"
EndProject
Global
	GlobalSection(SolutionConfigurationPlatforms) = preSolution
		Debug|Any CPU = Debug|Any CPU
		Release|Any CPU = Release|Any CPU
	EndGlobalSection
	GlobalSection(ProjectConfigurationPlatforms) = postSolution
		{1213F6C9-4667-40AE-A885-C286B140F4A7}.Debug|Any CPU.ActiveCfg = Debug|Any CPU
		{1213F6C9-4667-40AE-A885-C286B140F4A7}.Debug|Any CPU.Build.0 = Debug|Any CPU
		{1213F6C9-4667-40AE-A885-C286B140F4A7}.Release|Any CPU.ActiveCfg = Release|Any CPU
		{1213F6C9-4667-40AE-A885-C286B140F4A7}.Release|Any CPU.Build.0 = Release|Any CPU
		{E921FD14-72AB-4E86-A6C1-D91010D0FF9B}.Debug|Any CPU.ActiveCfg = Debug|Any CPU
		{E921FD14-72AB-4E86-A6C1-D91010D0FF9B}.Debug|Any CPU.Build.0 = Debug|Any CPU
		{E921FD14-72AB-4E86-A6C1-D91010D0FF9B}.Release|Any CPU.ActiveCfg = Release|Any CPU
		{E921FD14-72AB-4E86-A6C1-D91010D0FF9B}.Release|Any CPU.Build.0 = Release|Any CPU
		{555F343D-9299-4B8C-B25F-94A9EDEFE218}.Debug|Any CPU.ActiveCfg = Debug|Any CPU
		{555F343D-9299-4B8C-B25F-94A9EDEFE218}.Debug|Any CPU.Build.0 = Debug|Any CPU
		{555F343D-9299-4B8C-B25F-94A9EDEFE218}.Release|Any CPU.ActiveCfg = Release|Any CPU
		{555F343D-9299-4B8C-B25F-94A9EDEFE218}.Release|Any CPU.Build.0 = Release|Any CPU
	EndGlobalSection
	GlobalSection(SolutionProperties) = preSolution
		HideSolutionNode = FALSE
	EndGlobalSection
	GlobalSection(ExtensibilityGlobals) = postSolution
		SolutionGuid = {6A308F08-1133-4B8A-A847-FB2E89F3A2A3}
	EndGlobalSection
EndGlobal
